
Microsoft Visual Studio Solution File, Format Version 12.00
# Visual Studio Version 16
VisualStudioVersion = 16.0.30406.217
MinimumVisualStudioVersion = 10.0.40219.1
Project("{9A19103F-16F7-4668-BE54-9A1E7A4F7556}") = "ntms", "ntms.csproj", "{DB172BFC-405A-40AF-8A18-132487FE00D8}"
EndProject
Global
	GlobalSection(SolutionConfigurationPlatforms) = preSolution
		Debug|Any CPU = Debug|Any CPU
		Release|Any CPU = Release|Any CPU
	EndGlobalSection
	GlobalSection(ProjectConfigurationPlatforms) = postSolution
		{DB172BFC-405A-40AF-8A18-132487FE00D8}.Debug|Any CPU.ActiveCfg = Debug|Any CPU
		{DB172BFC-405A-40AF-8A18-132487FE00D8}.Debug|Any CPU.Build.0 = Debug|Any CPU
		{DB172BFC-405A-40AF-8A18-132487FE00D8}.Release|Any CPU.ActiveCfg = Release|Any CPU
		{DB172BFC-405A-40AF-8A18-132487FE00D8}.Release|Any CPU.Build.0 = Release|Any CPU
	EndGlobalSection
	GlobalSection(SolutionProperties) = preSolution
		HideSolutionNode = FALSE
	EndGlobalSection
	GlobalSection(ExtensibilityGlobals) = postSolution
		SolutionGuid = {DFA526EA-098D-4C6B-8283-4D948AD4C989}
	EndGlobalSection
EndGlobal
